
Microsoft Visual Studio Solution File, Format Version 12.00
# Visual Studio Version 17
VisualStudioVersion = 17.0.31903.59
MinimumVisualStudioVersion = 10.0.40219.1
Project("{FAE04EC0-301F-11D3-BF4B-00C04F79EFBC}") = "Klapt.Event.Blz", "Klapt.Event.Blz\Klapt.Event.Blz.csproj", "{DA7B5799-7CF0-4CC2-A1D7-1177DB013971}"
EndProject
Project("{FAE04EC0-301F-11D3-BF4B-00C04F79EFBC}") = "Klapt.Event.Domain", "Klapt.Event.Domain\Klapt.Event.Domain.csproj", "{3E4BDECA-88FA-478C-9F13-303A58AF92C1}"
EndProject
Project("{FAE04EC0-301F-11D3-BF4B-00C04F79EFBC}") = "Klapt.Event.EfCore", "Klapt.Event.EfCore\Klapt.Event.EfCore.csproj", "{0D27FAA5-455D-40B4-9A96-7CC5F507DDAC}"
EndProject
Project("{FAE04EC0-301F-11D3-BF4B-00C04F79EFBC}") = "Klapt.Event.Api", "Klapt.Event.Api\Klapt.Event.Api.csproj", "{46AC93AF-2D52-4A3C-BA80-C594DC386D54}"
EndProject
Global
	GlobalSection(SolutionConfigurationPlatforms) = preSolution
		Debug|Any CPU = Debug|Any CPU
		Debug|x64 = Debug|x64
		Debug|x86 = Debug|x86
		Release|Any CPU = Release|Any CPU
		Release|x64 = Release|x64
		Release|x86 = Release|x86
	EndGlobalSection
	GlobalSection(ProjectConfigurationPlatforms) = postSolution
		{DA7B5799-7CF0-4CC2-A1D7-1177DB013971}.Debug|Any CPU.ActiveCfg = Debug|Any CPU
		{DA7B5799-7CF0-4CC2-A1D7-1177DB013971}.Debug|Any CPU.Build.0 = Debug|Any CPU
		{DA7B5799-7CF0-4CC2-A1D7-1177DB013971}.Debug|x64.ActiveCfg = Debug|Any CPU
		{DA7B5799-7CF0-4CC2-A1D7-1177DB013971}.Debug|x64.Build.0 = Debug|Any CPU
		{DA7B5799-7CF0-4CC2-A1D7-1177DB013971}.Debug|x86.ActiveCfg = Debug|Any CPU
		{DA7B5799-7CF0-4CC2-A1D7-1177DB013971}.Debug|x86.Build.0 = Debug|Any CPU
		{DA7B5799-7CF0-4CC2-A1D7-1177DB013971}.Release|Any CPU.ActiveCfg = Release|Any CPU
		{DA7B5799-7CF0-4CC2-A1D7-1177DB013971}.Release|Any CPU.Build.0 = Release|Any CPU
		{DA7B5799-7CF0-4CC2-A1D7-1177DB013971}.Release|x64.ActiveCfg = Release|Any CPU
		{DA7B5799-7CF0-4CC2-A1D7-1177DB013971}.Release|x64.Build.0 = Release|Any CPU
		{DA7B5799-7CF0-4CC2-A1D7-1177DB013971}.Release|x86.ActiveCfg = Release|Any CPU
		{DA7B5799-7CF0-4CC2-A1D7-1177DB013971}.Release|x86.Build.0 = Release|Any CPU
		{3E4BDECA-88FA-478C-9F13-303A58AF92C1}.Debug|Any CPU.ActiveCfg = Debug|Any CPU
		{3E4BDECA-88FA-478C-9F13-303A58AF92C1}.Debug|Any CPU.Build.0 = Debug|Any CPU
		{3E4BDECA-88FA-478C-9F13-303A58AF92C1}.Debug|x64.ActiveCfg = Debug|Any CPU
		{3E4BDECA-88FA-478C-9F13-303A58AF92C1}.Debug|x64.Build.0 = Debug|Any CPU
		{3E4BDECA-88FA-478C-9F13-303A58AF92C1}.Debug|x86.ActiveCfg = Debug|Any CPU
		{3E4BDECA-88FA-478C-9F13-303A58AF92C1}.Debug|x86.Build.0 = Debug|Any CPU
		{3E4BDECA-88FA-478C-9F13-303A58AF92C1}.Release|Any CPU.ActiveCfg = Release|Any CPU
		{3E4BDECA-88FA-478C-9F13-303A58AF92C1}.Release|Any CPU.Build.0 = Release|Any CPU
		{3E4BDECA-88FA-478C-9F13-303A58AF92C1}.Release|x64.ActiveCfg = Release|Any CPU
		{3E4BDECA-88FA-478C-9F13-303A58AF92C1}.Release|x64.Build.0 = Release|Any CPU
		{3E4BDECA-88FA-478C-9F13-303A58AF92C1}.Release|x86.ActiveCfg = Release|Any CPU
		{3E4BDECA-88FA-478C-9F13-303A58AF92C1}.Release|x86.Build.0 = Release|Any CPU
		{0D27FAA5-455D-40B4-9A96-7CC5F507DDAC}.Debug|Any CPU.ActiveCfg = Debug|Any CPU
		{0D27FAA5-455D-40B4-9A96-7CC5F507DDAC}.Debug|Any CPU.Build.0 = Debug|Any CPU
		{0D27FAA5-455D-40B4-9A96-7CC5F507DDAC}.Debug|x64.ActiveCfg = Debug|Any CPU
		{0D27FAA5-455D-40B4-9A96-7CC5F507DDAC}.Debug|x64.Build.0 = Debug|Any CPU
		{0D27FAA5-455D-40B4-9A96-7CC5F507DDAC}.Debug|x86.ActiveCfg = Debug|Any CPU
		{0D27FAA5-455D-40B4-9A96-7CC5F507DDAC}.Debug|x86.Build.0 = Debug|Any CPU
		{0D27FAA5-455D-40B4-9A96-7CC5F507DDAC}.Release|Any CPU.ActiveCfg = Release|Any CPU
		{0D27FAA5-455D-40B4-9A96-7CC5F507DDAC}.Release|Any CPU.Build.0 = Release|Any CPU
		{0D27FAA5-455D-40B4-9A96-7CC5F507DDAC}.Release|x64.ActiveCfg = Release|Any CPU
		{0D27FAA5-455D-40B4-9A96-7CC5F507DDAC}.Release|x64.Build.0 = Release|Any CPU
		{0D27FAA5-455D-40B4-9A96-7CC5F507DDAC}.Release|x86.ActiveCfg = Release|Any CPU
		{0D27FAA5-455D-40B4-9A96-7CC5F507DDAC}.Release|x86.Build.0 = Release|Any CPU
		{46AC93AF-2D52-4A3C-BA80-C594DC386D54}.Debug|Any CPU.ActiveCfg = Debug|Any CPU
		{46AC93AF-2D52-4A3C-BA80-C594DC386D54}.Debug|Any CPU.Build.0 = Debug|Any CPU
		{46AC93AF-2D52-4A3C-BA80-C594DC386D54}.Debug|x64.ActiveCfg = Debug|Any CPU
		{46AC93AF-2D52-4A3C-BA80-C594DC386D54}.Debug|x64.Build.0 = Debug|Any CPU
		{46AC93AF-2D52-4A3C-BA80-C594DC386D54}.Debug|x86.ActiveCfg = Debug|Any CPU
		{46AC93AF-2D52-4A3C-BA80-C594DC386D54}.Debug|x86.Build.0 = Debug|Any CPU
		{46AC93AF-2D52-4A3C-BA80-C594DC386D54}.Release|Any CPU.ActiveCfg = Release|Any CPU
		{46AC93AF-2D52-4A3C-BA80-C594DC386D54}.Release|Any CPU.Build.0 = Release|Any CPU
		{46AC93AF-2D52-4A3C-BA80-C594DC386D54}.Release|x64.ActiveCfg = Release|Any CPU
		{46AC93AF-2D52-4A3C-BA80-C594DC386D54}.Release|x64.Build.0 = Release|Any CPU
		{46AC93AF-2D52-4A3C-BA80-C594DC386D54}.Release|x86.ActiveCfg = Release|Any CPU
		{46AC93AF-2D52-4A3C-BA80-C594DC386D54}.Release|x86.Build.0 = Release|Any CPU
	EndGlobalSection
	GlobalSection(SolutionProperties) = preSolution
		HideSolutionNode = FALSE
	EndGlobalSection
	GlobalSection(ExtensibilityGlobals) = postSolution
		SolutionGuid = {E3B61EDB-8843-4DE2-99FD-A97A71242883}
	EndGlobalSection
EndGlobal
